{
  "name": "breakout-room-bot",
  "version": "1.0.0",
  "lockfileVersion": 3,
  "requires": true,
  "packages": {
    "": {
      "name": "breakout-room-bot",
      "version": "1.0.0",
      "license": "ISC",
      "dependencies": {
        "breakout-room": "^3.3.0",
        "openai": "^4.72.0"
      }
    },
    "node_modules/@hyperswarm/secret-stream": {
      "version": "6.7.1",
      "resolved": "http://npm.rmcloud.com:8123/@hyperswarm/secret-stream/-/secret-stream-6.7.1.tgz",
      "integrity": "sha512-isb18Pt6lXBpOQMRmpqItw+kYynXilOFyOhto/RMP15WQtTWC0rR5jfZPYXU7ZYV6Kxd2lyQ4ZBevoIcvEJHEQ==",
      "license": "Apache-2.0",
      "dependencies": {
        "b4a": "^1.1.0",
        "hypercore-crypto": "^3.3.1",
        "noise-curve-ed": "^2.0.1",
        "noise-handshake": "^3.0.2",
        "sodium-secretstream": "^1.1.0",
        "sodium-universal": "^4.0.0",
        "streamx": "^2.14.0",
        "timeout-refresh": "^2.0.0",
        "unslab": "^1.3.0"
      }
    },
    "node_modules/@types/node": {
      "version": "18.19.64",
      "resolved": "http://npm.rmcloud.com:8123/@types/node/-/node-18.19.64.tgz",
      "integrity": "sha512-955mDqvO2vFf/oL7V3WiUtiz+BugyX8uVbaT2H8oj3+8dRyH2FLiNdowe7eNqRM7IOIZvzDH76EoAT+gwm6aIQ==",
      "license": "MIT",
      "dependencies": {
        "undici-types": "~5.26.4"
      }
    },
    "node_modules/@types/node-fetch": {
      "version": "2.6.12",
      "resolved": "http://npm.rmcloud.com:8123/@types/node-fetch/-/node-fetch-2.6.12.tgz",
      "integrity": "sha512-8nneRWKCg3rMtF69nLQJnOYUcbafYeFSjqkw3jCRLsqkWFlHaoQrr5mXmofFGOx3DKn7UfmBMyov8ySvLRVldA==",
      "license": "MIT",
      "dependencies": {
        "@types/node": "*",
        "form-data": "^4.0.0"
      }
    },
    "node_modules/abort-controller": {
      "version": "3.0.0",
      "resolved": "http://npm.rmcloud.com:8123/abort-controller/-/abort-controller-3.0.0.tgz",
      "integrity": "sha512-h8lQ8tacZYnR3vNQTgibj+tODHI5/+l06Au2Pcriv/Gmet0eaj4TwWH41sO9wnHDiQsEj19q0drzdWdeAHtweg==",
      "license": "MIT",
      "dependencies": {
        "event-target-shim": "^5.0.0"
      },
      "engines": {
        "node": ">=6.5"
      }
    },
    "node_modules/agentkeepalive": {
      "version": "4.5.0",
      "resolved": "http://npm.rmcloud.com:8123/agentkeepalive/-/agentkeepalive-4.5.0.tgz",
      "integrity": "sha512-5GG/5IbQQpC9FpkRGsSvZI5QYeSCzlJHdpBQntCsuTOxhKD8lqKhrleg2Yi7yvMIf82Ycmmqln9U8V9qwEiJew==",
      "license": "MIT",
      "dependencies": {
        "humanize-ms": "^1.2.1"
      },
      "engines": {
        "node": ">= 8.0.0"
      }
    },
    "node_modules/asynckit": {
      "version": "0.4.0",
      "resolved": "http://npm.rmcloud.com:8123/asynckit/-/asynckit-0.4.0.tgz",
      "integrity": "sha1-x57Zf380y48robyXkLzDZkdLS3k=",
      "license": "MIT"
    },
    "node_modules/autobase": {
      "version": "6.5.9",
      "resolved": "http://npm.rmcloud.com:8123/autobase/-/autobase-6.5.9.tgz",
      "integrity": "sha512-zhUgxmC5chV5fQlgGk1CtKJD2outX9WVkUmjmPNbeegpg+fOT+Zjn2xhvmI/8S6zGJD+mTCsZg6iCLCD5Cw/qw==",
      "license": "Apache-2.0",
      "dependencies": {
        "b4a": "^1.6.1",
        "bare-events": "^2.2.0",
        "core-coupler": "^1.0.0",
        "debounceify": "^1.0.0",
        "hyperbee": "^2.15.0",
        "hypercore": "^10.37.10",
        "hypercore-crypto": "^3.4.0",
        "hypercore-id-encoding": "^1.2.0",
        "mutexify": "^1.4.0",
        "nanoassert": "^2.0.0",
        "ready-resource": "^1.0.0",
        "safety-catch": "^1.0.2",
        "signal-promise": "^1.0.3",
        "sub-encoder": "^2.1.1",
        "tiny-buffer-map": "^1.1.1"
      }
    },
    "node_modules/b4a": {
      "version": "1.6.7",
      "resolved": "http://npm.rmcloud.com:8123/b4a/-/b4a-1.6.7.tgz",
      "integrity": "sha512-OnAYlL5b7LEkALw87fUVafQw5rVR9RjwGd4KUwNQ6DrrNmaVaUCgLipfVlzrPQ4tWOR9P0IXGNOx50jYCCdSJg==",
      "license": "Apache-2.0"
    },
    "node_modules/bare-events": {
      "version": "2.5.0",
      "resolved": "http://npm.rmcloud.com:8123/bare-events/-/bare-events-2.5.0.tgz",
      "integrity": "sha512-/E8dDe9dsbLyh2qrZ64PEPadOQ0F4gbl1sUJOrmph7xOiIxfY8vwab/4bFLh4Y88/Hk/ujKcrQKc+ps0mv873A==",
      "license": "Apache-2.0"
    },
    "node_modules/bare-fs": {
      "version": "3.1.1",
      "resolved": "http://npm.rmcloud.com:8123/bare-fs/-/bare-fs-3.1.1.tgz",
      "integrity": "sha512-AhJ8tNQxhYGfpYERMKshGXG5CJF7S2JpxYAGTa1+Bd78m4TKeMqj9UqmW8Z2ooAYeP0idv0fi/AYVomS9NqKRQ==",
      "license": "Apache-2.0",
      "optional": true,
      "dependencies": {
        "bare-events": "^2.0.0",
        "bare-path": "^3.0.0",
        "bare-stream": "^2.0.0"
      }
    },
    "node_modules/bare-os": {
      "version": "3.2.1",
      "resolved": "http://npm.rmcloud.com:8123/bare-os/-/bare-os-3.2.1.tgz",
      "integrity": "sha512-2DK/A2wc9+9RySMGv0s4rX9cYlnyuu8nYXL1/XxObnlaQhIAABJXQi5PX5ChMep1xCVXF9TDVhgdq/Y+Qb5meg==",
      "license": "Apache-2.0",
      "optional": true,
      "engines": {
        "bare": ">=1.6.0"
      }
    },
    "node_modules/bare-path": {
      "version": "3.0.0",
      "resolved": "http://npm.rmcloud.com:8123/bare-path/-/bare-path-3.0.0.tgz",
      "integrity": "sha512-tyfW2cQcB5NN8Saijrhqn0Zh7AnFNsnczRcuWODH0eYAXBsJ5gVxAUuNr7tsHSC6IZ77cA0SitzT+s47kot8Mw==",
      "license": "Apache-2.0",
      "optional": true,
      "dependencies": {
        "bare-os": "^3.0.1"
      }
    },
    "node_modules/bare-stream": {
      "version": "2.3.2",
      "resolved": "http://npm.rmcloud.com:8123/bare-stream/-/bare-stream-2.3.2.tgz",
      "integrity": "sha512-EFZHSIBkDgSHIwj2l2QZfP4U5OcD4xFAOwhSb/vlr9PIqyGJGvB/nfClJbcnh3EY4jtPE4zsb5ztae96bVF79A==",
      "license": "Apache-2.0",
      "optional": true,
      "dependencies": {
        "streamx": "^2.20.0"
      }
    },
    "node_modules/big-sparse-array": {
      "version": "1.0.3",
      "resolved": "http://npm.rmcloud.com:8123/big-sparse-array/-/big-sparse-array-1.0.3.tgz",
      "integrity": "sha512-6RjV/3mSZORlMdpUaQ6rUSpG637cZm0//E54YYGtQg1c1O+AbZP8UTdJ/TchsDZcTVLmyWZcseBfp2HBeXUXOQ==",
      "license": "MIT"
    },
    "node_modules/bits-to-bytes": {
      "version": "1.3.0",
      "resolved": "http://npm.rmcloud.com:8123/bits-to-bytes/-/bits-to-bytes-1.3.0.tgz",
      "integrity": "sha512-OJoHTpFXS9bXHBCekGTByf3MqM8CGblBDIduKQeeVVeiU9dDWywSSirXIBYGgg3d1zbVuvnMa1vD4r6PA0kOKg==",
      "license": "ISC",
      "dependencies": {
        "b4a": "^1.5.0"
      }
    },
    "node_modules/blind-pairing": {
      "version": "2.3.1",
      "resolved": "http://npm.rmcloud.com:8123/blind-pairing/-/blind-pairing-2.3.1.tgz",
      "integrity": "sha512-E678Mi6n07Yc8iRtgwzQLmk9EgHmYHBRzKDxpkdkS+Sh476RQ88iv75cvRkPp62rd7nsrP4lqku8uU9EeKGLiA==",
      "license": "Apache-2.0",
      "dependencies": {
        "b4a": "^1.6.4",
        "blind-pairing-core": "^2.0.0",
        "debounceify": "^1.1.0",
        "hypercore-crypto": "^3.4.0",
        "is-options": "^1.0.2",
        "ready-resource": "^1.0.0",
        "safety-catch": "^1.0.2",
        "xache": "^1.2.0"
      }
    },
    "node_modules/blind-pairing-core": {
      "version": "2.4.0",
      "resolved": "http://npm.rmcloud.com:8123/blind-pairing-core/-/blind-pairing-core-2.4.0.tgz",
      "integrity": "sha512-bJLWq1u+H85VFK/vyV7vvPw5WEyW1ABeQBD9dRyD4kpi19k1GwL/L6MbS6xqt3leeCDMlTrt47gyXTbZnQO9Sg==",
      "license": "Apache-2.0",
      "dependencies": {
        "b4a": "^1.6.4",
        "bare-events": "^2.5.0",
        "compact-encoding": "^2.11.0",
        "hypercore-crypto": "^3.4.0",
        "sodium-universal": "^4.0.0",
        "tiny-buffer-map": "^1.1.1"
      }
    },
    "node_modules/blind-relay": {
      "version": "1.3.3",
      "resolved": "http://npm.rmcloud.com:8123/blind-relay/-/blind-relay-1.3.3.tgz",
      "integrity": "sha512-J49HZaRLA+jgmIA+J01x0NzDtNMQVzuFfz7CnLLijIUMJkxTbaexIGI/tfk6LONcr/+INmgbS8gMLeuaRvfreA==",
      "license": "Apache-2.0",
      "dependencies": {
        "b4a": "^1.6.4",
        "bare-events": "^2.2.0",
        "bits-to-bytes": "^1.3.0",
        "compact-encoding": "^2.12.0",
        "compact-encoding-bitfield": "^1.0.0",
        "hypertrace": "^1.4.1",
        "protomux": "^3.5.1",
        "sodium-universal": "^4.0.0",
        "streamx": "^2.15.1"
      }
    },
    "node_modules/bogon": {
      "version": "1.1.0",
      "resolved": "http://npm.rmcloud.com:8123/bogon/-/bogon-1.1.0.tgz",
      "integrity": "sha512-a6SnToksXHuUlgeMvI/txWmTcKz7c7iBa8f0HbXL4toN1Uza/CTQ4F7n9jSDX49TCpxv3KUP100q4sZfwLyLiw==",
      "license": "MIT",
      "dependencies": {
        "compact-encoding": "^2.11.0",
        "compact-encoding-net": "^1.2.0"
      }
    },
    "node_modules/breakout-room": {
      "version": "3.3.0",
      "resolved": "https://registry.npmjs.org/breakout-room/-/breakout-room-3.3.0.tgz",
      "integrity": "sha512-7Hd0+w9ZvbE8+Q1cqBif+TiG0R0ndVg2i9JwgHVzUrwBR0UTYTRnVL6GZvuTjqVNYZzeKYbuIZJaMCD2O47ILA==",
      "dependencies": {
        "autobase": "^6.5.9",
        "blind-pairing": "^2.3.1",
        "corestore": "^6.18.4",
        "hyperswarm": "^4.8.4",
        "random-access-memory": "^6.2.1",
        "z32": "^1.1.0"
      },
      "bin": {
        "breakout-room": "cli.mjs"
      }
    },
    "node_modules/codecs": {
      "version": "3.1.0",
      "resolved": "http://npm.rmcloud.com:8123/codecs/-/codecs-3.1.0.tgz",
      "integrity": "sha512-Dqx8NwvBvnMeuPQdVKy/XEF71igjR5apxBvCGeV0pP1tXadOiaLvDTXt7xh+/5wI1ASB195mXQGJbw3Ml4YDWQ==",
      "license": "MIT",
      "dependencies": {
        "b4a": "^1.6.3"
      }
    },
    "node_modules/combined-stream": {
      "version": "1.0.8",
      "resolved": "http://npm.rmcloud.com:8123/combined-stream/-/combined-stream-1.0.8.tgz",
      "integrity": "sha512-FQN4MRfuJeHf7cBbBMJFXhKSDq+2kAArBlmRBvcvFE5BB1HZKXtSFASDhdlz9zOYwxh8lDdnvmMOe/+5cdoEdg==",
      "license": "MIT",
      "dependencies": {
        "delayed-stream": "~1.0.0"
      },
      "engines": {
        "node": ">= 0.8"
      }
    },
    "node_modules/compact-encoding": {
      "version": "2.15.0",
      "resolved": "http://npm.rmcloud.com:8123/compact-encoding/-/compact-encoding-2.15.0.tgz",
      "integrity": "sha512-af/NomxL9Mo0lqCk++rxLLDZI+lJqeBrPt4dK6FbjxTCEhfC9yQAIoO6yq9ixyCirce0luQwErkwJrhem6clxA==",
      "license": "Apache-2.0",
      "dependencies": {
        "b4a": "^1.3.0"
      }
    },
    "node_modules/compact-encoding-bitfield": {
      "version": "1.0.0",
      "resolved": "http://npm.rmcloud.com:8123/compact-encoding-bitfield/-/compact-encoding-bitfield-1.0.0.tgz",
      "integrity": "sha512-3nMVKUg+PF72UHfainmCL8uKvyWfxsjqOtUY+HiMPGLPCTjnwzoKfFAMo1Ad7nwTPdjBqtGK5b3BOFTFW4EBTg==",
      "license": "ISC",
      "dependencies": {
        "compact-encoding": "^2.4.1"
      }
    },
    "node_modules/compact-encoding-net": {
      "version": "1.2.0",
      "resolved": "http://npm.rmcloud.com:8123/compact-encoding-net/-/compact-encoding-net-1.2.0.tgz",
      "integrity": "sha512-LVXpNpF7PGQeHRVVLGgYWzuVoYAaDZvKUsUxRioGfkotzvOh4AzoQF1HBH3zMNaSnx7gJXuUr3hkjnijaH/Eng==",
      "license": "ISC",
      "dependencies": {
        "compact-encoding": "^2.4.1"
      }
    },
    "node_modules/core-coupler": {
      "version": "1.1.1",
      "resolved": "http://npm.rmcloud.com:8123/core-coupler/-/core-coupler-1.1.1.tgz",
      "integrity": "sha512-Nx33Vy3FYNd5fX1NX7Xk4jH5LQog84YWBMNsSafc4xFDIHSNAurtg+a9/y+ZRMSh38x2d29kHcamB0YZE+w0Rw==",
      "license": "Apache-2.0",
      "dependencies": {
        "safety-catch": "^1.0.2"
      }
    },
    "node_modules/corestore": {
      "version": "6.18.4",
      "resolved": "http://npm.rmcloud.com:8123/corestore/-/corestore-6.18.4.tgz",
      "integrity": "sha512-KL1cOUyj3DFRNzeVRekGPRiGN4sIfGo7BsncSJQQBT3Rh2y1nQ32MOR9X5DlOMlWIT4txwqBzhzam6+JXtwFVw==",
      "license": "MIT",
      "dependencies": {
        "b4a": "^1.6.4",
        "hypercore": "^10.37.10",
        "hypercore-crypto": "^3.4.0",
        "hypercore-id-encoding": "^1.2.0",
        "read-write-mutexify": "^2.1.0",
        "ready-resource": "^1.0.0",
        "safety-catch": "^1.0.1",
        "sodium-universal": "^4.0.0",
        "xache": "^1.1.0"
      }
    },
    "node_modules/crc-native": {
      "version": "1.1.4",
      "resolved": "http://npm.rmcloud.com:8123/crc-native/-/crc-native-1.1.4.tgz",
      "integrity": "sha512-ZKKd/VY7jSchZ87agNxG/yTc02+W/JDCvOFDVieGU/wwcLNzt95Q4KQLjmmL9dmPsmbBZhjOnsPNZBQ15Df5IA==",
      "license": "Apache-2.0",
      "optional": true,
      "dependencies": {
        "node-gyp-build": "^4.8.2"
      }
    },
    "node_modules/crc-universal": {
      "version": "1.0.4",
      "resolved": "http://npm.rmcloud.com:8123/crc-universal/-/crc-universal-1.0.4.tgz",
      "integrity": "sha512-CE9xWEI6Gd5V0Bdmj5NoWH3d7+EIe4zUpy1sv6uvKYznzsDP1vhiWsTBmL6q9IrH2P6RRshp+8AkhR4CMtY5Hg==",
      "license": "ISC",
      "optionalDependencies": {
        "crc-native": "^1.0.3"
      }
    },
    "node_modules/debounceify": {
      "version": "1.1.0",
      "resolved": "http://npm.rmcloud.com:8123/debounceify/-/debounceify-1.1.0.tgz",
      "integrity": "sha512-eKuHDVfJVg+u/0nPy8P+fhnLgbyuTgVxuCRrS/R7EpDSMMkBDgSes41MJtSAY1F1hcqfHz3Zy/qpqHHIp/EhdA==",
      "license": "MIT"
    },
    "node_modules/delayed-stream": {
      "version": "1.0.0",
      "resolved": "http://npm.rmcloud.com:8123/delayed-stream/-/delayed-stream-1.0.0.tgz",
      "integrity": "sha1-3zrhmayt+31ECqrgsp4icrJOxhk=",
      "license": "MIT",
      "engines": {
        "node": ">=0.4.0"
      }
    },
    "node_modules/dht-rpc": {
      "version": "6.15.1",
      "resolved": "http://npm.rmcloud.com:8123/dht-rpc/-/dht-rpc-6.15.1.tgz",
      "integrity": "sha512-nX5HQdkuh3wzz8QnZJJs5tKF2u0ckOxwnq8ddkMYyiwDIjlILVOdcUX0i+dwyMSsynR6I+43g9jYwZwRcFG2ww==",
      "license": "MIT",
      "dependencies": {
        "b4a": "^1.6.1",
        "bare-events": "^2.2.0",
        "compact-encoding": "^2.11.0",
        "compact-encoding-net": "^1.2.0",
        "fast-fifo": "^1.1.0",
        "kademlia-routing-table": "^1.0.1",
        "nat-sampler": "^1.0.1",
        "sodium-universal": "^4.0.0",
        "streamx": "^2.13.2",
        "time-ordered-set": "^2.0.0",
        "udx-native": "^1.5.3"
      }
    },
    "node_modules/event-target-shim": {
      "version": "5.0.1",
      "resolved": "http://npm.rmcloud.com:8123/event-target-shim/-/event-target-shim-5.0.1.tgz",
      "integrity": "sha512-i/2XbnSz/uxRCU6+NdVJgKWDTM427+MqYbkQzD321DuCQJUqOuJKIA0IM2+W2xtYHdKOmZ4dR6fExsd4SXL+WQ==",
      "license": "MIT",
      "engines": {
        "node": ">=6"
      }
    },
    "node_modules/fast-fifo": {
      "version": "1.3.2",
      "resolved": "http://npm.rmcloud.com:8123/fast-fifo/-/fast-fifo-1.3.2.tgz",
      "integrity": "sha512-/d9sfos4yxzpwkDkuN7k2SqFKtYNmCTzgfEpz82x34IM9/zc8KGxQoXg1liNC/izpRM/MBdt44Nmx41ZWqk+FQ==",
      "license": "MIT"
    },
    "node_modules/flat-tree": {
      "version": "1.12.1",
      "resolved": "http://npm.rmcloud.com:8123/flat-tree/-/flat-tree-1.12.1.tgz",
      "integrity": "sha512-GchQ+onbnw5QaqsGbpcV6c8etAd396X/EVdDxutQMkGapB0lRvV9heIXS6ZffQVCse0hm2hBpK7GJz2Zp7qiMg==",
      "license": "MIT"
    },
    "node_modules/form-data": {
      "version": "4.0.1",
      "resolved": "http://npm.rmcloud.com:8123/form-data/-/form-data-4.0.1.tgz",
      "integrity": "sha512-tzN8e4TX8+kkxGPK8D5u0FNmjPUjw3lwC9lSLxxoB/+GtsJG91CO8bSWy73APlgAZzZbXEYZJuxjkHH2w+Ezhw==",
      "license": "MIT",
      "dependencies": {
        "asynckit": "^0.4.0",
        "combined-stream": "^1.0.8",
        "mime-types": "^2.1.12"
      },
      "engines": {
        "node": ">= 6"
      }
    },
    "node_modules/form-data-encoder": {
      "version": "1.7.2",
      "resolved": "http://npm.rmcloud.com:8123/form-data-encoder/-/form-data-encoder-1.7.2.tgz",
      "integrity": "sha512-qfqtYan3rxrnCk1VYaA4H+Ms9xdpPqvLZa6xmMgFvhO32x7/3J/ExcTd6qpxM0vH2GdMI+poehyBZvqfMTto8A==",
      "license": "MIT"
    },
    "node_modules/formdata-node": {
      "version": "4.4.1",
      "resolved": "http://npm.rmcloud.com:8123/formdata-node/-/formdata-node-4.4.1.tgz",
      "integrity": "sha512-0iirZp3uVDjVGt9p49aTaqjk84TrglENEDuqfdlZQ1roC9CWlPk6Avf8EEnZNcAqPonwkG35x4n3ww/1THYAeQ==",
      "license": "MIT",
      "dependencies": {
        "node-domexception": "1.0.0",
        "web-streams-polyfill": "4.0.0-beta.3"
      },
      "engines": {
        "node": ">= 12.20"
      }
    },
    "node_modules/fs-native-extensions": {
      "version": "1.3.2",
      "resolved": "http://npm.rmcloud.com:8123/fs-native-extensions/-/fs-native-extensions-1.3.2.tgz",
      "integrity": "sha512-fQaLJt4uY96iiMdy+rV561TaXefkfTq4dmSXcN2D1z8SBtFTsmcO3GaJexPKTxltqdh826JQBK1CySo3EpzgQQ==",
      "license": "Apache-2.0",
      "optional": true,
      "dependencies": {
        "node-gyp-build": "^4.8.2",
        "which-runtime": "^1.2.0"
      }
    },
    "node_modules/humanize-ms": {
      "version": "1.2.1",
      "resolved": "http://npm.rmcloud.com:8123/humanize-ms/-/humanize-ms-1.2.1.tgz",
      "integrity": "sha1-xG4xWaKT9riW2ikxbYtv6Lt5u+0=",
      "license": "MIT",
      "dependencies": {
        "ms": "^2.0.0"
      }
    },
    "node_modules/hyperbee": {
      "version": "2.20.4",
      "resolved": "http://npm.rmcloud.com:8123/hyperbee/-/hyperbee-2.20.4.tgz",
      "integrity": "sha512-3dROb+GRfmYDxIyeW+8tt1LhAbWZgr2XMVtTg3AHY/XFvxaNTwji1Mq+rrZw3Ekejw2i4hgvsTUpOY5+YSc0KA==",
      "license": "MIT",
      "dependencies": {
        "b4a": "^1.6.0",
        "codecs": "^3.0.0",
        "debounceify": "^1.0.0",
        "hypercore-errors": "^1.0.0",
        "mutexify": "^1.4.0",
        "protocol-buffers-encodings": "^1.2.0",
        "rache": "^1.0.0",
        "ready-resource": "^1.0.0",
        "safety-catch": "^1.0.2",
        "streamx": "^2.12.4",
        "unslab": "^1.2.0"
      }
    },
    "node_modules/hypercore": {
      "version": "10.37.26",
      "resolved": "http://npm.rmcloud.com:8123/hypercore/-/hypercore-10.37.26.tgz",
      "integrity": "sha512-jjJ0m/O9bFlcS5kSqE09XLLca40wVBeKfMTwJKepJdpMBWmQWJopfTI6fr5pUIfwTYDZNXNt7CxAPYKo/j4EVA==",
      "license": "MIT",
      "dependencies": {
        "@hyperswarm/secret-stream": "^6.0.0",
        "b4a": "^1.1.0",
        "bare-events": "^2.2.0",
        "big-sparse-array": "^1.0.3",
        "compact-encoding": "^2.11.0",
        "crc-universal": "^1.0.2",
        "fast-fifo": "^1.3.0",
        "flat-tree": "^1.9.0",
        "hypercore-crypto": "^3.2.1",
        "hypercore-errors": "^1.2.0",
        "hypercore-id-encoding": "^1.2.0",
        "is-options": "^1.0.1",
        "protomux": "^3.5.0",
        "quickbit-universal": "^2.2.0",
        "random-access-file": "^4.0.0",
        "random-array-iterator": "^1.0.0",
        "safety-catch": "^1.0.1",
        "sodium-universal": "^4.0.0",
        "streamx": "^2.12.4",
        "unslab": "^1.3.0",
        "xache": "^1.1.0",
        "z32": "^1.0.0"
      }
    },
    "node_modules/hypercore-crypto": {
      "version": "3.4.2",
      "resolved": "http://npm.rmcloud.com:8123/hypercore-crypto/-/hypercore-crypto-3.4.2.tgz",
      "integrity": "sha512-16ii4M6T1dFfRa41Szv3IR0wXfImJMYJ8ysZEGwHEDH7sMeWVEBck6tg1GCNutYl39E+H7wMY2p3ndCRfj+XdQ==",
      "license": "MIT",
      "dependencies": {
        "b4a": "^1.6.6",
        "compact-encoding": "^2.15.0",
        "sodium-universal": "^4.0.1"
      }
    },
    "node_modules/hypercore-errors": {
      "version": "1.3.0",
      "resolved": "http://npm.rmcloud.com:8123/hypercore-errors/-/hypercore-errors-1.3.0.tgz",
      "integrity": "sha512-WsmSu05Ve1hXaT/2Etwz7mgZ1sAXe8EaveahUfaeECllxvYNaP5EbAPw5YaA4OqR3d217litGt4qKch9TBnavA==",
      "license": "Apache-2.0"
    },
    "node_modules/hypercore-id-encoding": {
      "version": "1.3.0",
      "resolved": "http://npm.rmcloud.com:8123/hypercore-id-encoding/-/hypercore-id-encoding-1.3.0.tgz",
      "integrity": "sha512-W6sHdGo5h7LXEsoWfKf/KfuROZmZRQDlGqJF2EPHW+noCK66Vvr0+zE6cL0vqQi18s0kQPeN7Sq3QyR0Ytc2VQ==",
      "license": "Apache-2.0",
      "dependencies": {
        "b4a": "^1.5.3",
        "z32": "^1.0.0"
      }
    },
    "node_modules/hyperdht": {
      "version": "6.19.0",
      "resolved": "http://npm.rmcloud.com:8123/hyperdht/-/hyperdht-6.19.0.tgz",
      "integrity": "sha512-SS/wehfPPiN1o+e2h+NAiGS9Wk3xePRZ3qrIR9NUzyjRyEnFl5S2QnaqWLxepIY8Ba0GsPSfXXCsMCPiCBn4mA==",
      "license": "MIT",
      "dependencies": {
        "@hyperswarm/secret-stream": "^6.6.2",
        "b4a": "^1.3.1",
        "bare-events": "^2.2.0",
        "blind-relay": "^1.3.0",
        "bogon": "^1.0.0",
        "compact-encoding": "^2.4.1",
        "compact-encoding-net": "^1.0.1",
        "dht-rpc": "^6.15.1",
        "hypercore-crypto": "^3.3.0",
        "hypercore-id-encoding": "^1.2.0",
        "noise-curve-ed": "^2.0.0",
        "noise-handshake": "^3.0.0",
        "record-cache": "^1.1.1",
        "safety-catch": "^1.0.1",
        "signal-promise": "^1.0.3",
        "sodium-universal": "^4.0.0",
        "streamx": "^2.16.1",
        "unslab": "^1.3.0",
        "xache": "^1.1.0"
      },
      "bin": {
        "hyperdht": "bin.js"
      }
    },
    "node_modules/hyperswarm": {
      "version": "4.8.4",
      "resolved": "http://npm.rmcloud.com:8123/hyperswarm/-/hyperswarm-4.8.4.tgz",
      "integrity": "sha512-+ysGkogdCK3LqF9kpJ5yCp38EkJq0Gr9z0iXLAbFWzKhZfyDMy6YzqIOn1uFDwpNvlHK3tMaSeiBsWkUdT4jHQ==",
      "license": "MIT",
      "dependencies": {
        "b4a": "^1.3.1",
        "bare-events": "^2.2.0",
        "hyperdht": "^6.11.0",
        "safety-catch": "^1.0.2",
        "shuffled-priority-queue": "^2.1.0",
        "unslab": "^1.3.0"
      }
    },
    "node_modules/hypertrace": {
      "version": "1.4.2",
      "resolved": "http://npm.rmcloud.com:8123/hypertrace/-/hypertrace-1.4.2.tgz",
      "integrity": "sha512-sa6iq1FaJ03Db3eUl5ZodyOL3fheyrum9xzeHasXOQ/AprTT6vS1WjpbXfYkHhmzVmyn0jBW/VsCb1QaBkGyow==",
      "license": "Apache-2.0"
    },
    "node_modules/is-options": {
      "version": "1.0.2",
      "resolved": "http://npm.rmcloud.com:8123/is-options/-/is-options-1.0.2.tgz",
      "integrity": "sha512-u+Ai74c8Q74aS8BuHwPdI1jptGOT1FQXgCq8/zv0xRuE+wRgSMEJLj8lVO8Zp9BeGb29BXY6AsNPinfqjkr7Fg==",
      "license": "MIT",
      "dependencies": {
        "b4a": "^1.1.1"
      }
    },
    "node_modules/kademlia-routing-table": {
      "version": "1.0.3",
      "resolved": "http://npm.rmcloud.com:8123/kademlia-routing-table/-/kademlia-routing-table-1.0.3.tgz",
      "integrity": "sha512-ag1nLPaCSxbLnG6zeTBoGkdm+JSUi2JHMiNynHBoRG8se2w9yfyzepF3oX1B52HOEldtbuxTde5NxbNUtnwGqA==",
      "license": "MIT",
      "dependencies": {
        "bare-events": "^2.2.0"
      }
    },
    "node_modules/mime-db": {
      "version": "1.52.0",
      "resolved": "http://npm.rmcloud.com:8123/mime-db/-/mime-db-1.52.0.tgz",
      "integrity": "sha512-sPU4uV7dYlvtWJxwwxHD0PuihVNiE7TyAbQ5SWxDCB9mUYvOgroQOwYQQOKPJ8CIbE+1ETVlOoK1UC2nU3gYvg==",
      "license": "MIT",
      "engines": {
        "node": ">= 0.6"
      }
    },
    "node_modules/mime-types": {
      "version": "2.1.35",
      "resolved": "http://npm.rmcloud.com:8123/mime-types/-/mime-types-2.1.35.tgz",
      "integrity": "sha512-ZDY+bPm5zTTF+YpCrAU9nK0UgICYPT0QtT1NZWFv4s++TNkcgVaT0g6+4R2uI4MjQjzysHB1zxuWL50hzaeXiw==",
      "license": "MIT",
      "dependencies": {
        "mime-db": "1.52.0"
      },
      "engines": {
        "node": ">= 0.6"
      }
    },
    "node_modules/ms": {
      "version": "2.1.3",
      "resolved": "http://npm.rmcloud.com:8123/ms/-/ms-2.1.3.tgz",
      "integrity": "sha512-6FlzubTLZG3J2a/NVCAleEhjzq5oxgHyaCU9yYXvcLsvoVaHJq/s5xXI6/XXP6tz7R9xAOtHnSO/tXtF3WRTlA==",
      "license": "MIT"
    },
    "node_modules/mutexify": {
      "version": "1.4.0",
      "resolved": "http://npm.rmcloud.com:8123/mutexify/-/mutexify-1.4.0.tgz",
      "integrity": "sha512-pbYSsOrSB/AKN5h/WzzLRMFgZhClWccf2XIB4RSMC8JbquiB0e0/SH5AIfdQMdyHmYtv4seU7yV/TvAwPLJ1Yg==",
      "license": "MIT",
      "dependencies": {
        "queue-tick": "^1.0.0"
      }
    },
    "node_modules/nanoassert": {
      "version": "2.0.0",
      "resolved": "http://npm.rmcloud.com:8123/nanoassert/-/nanoassert-2.0.0.tgz",
      "integrity": "sha512-7vO7n28+aYO4J+8w96AzhmU8G+Y/xpPDJz/se19ICsqj/momRbb9mh9ZUtkoJ5X3nTnPdhEJyc0qnM6yAsHBaA==",
      "license": "ISC"
    },
    "node_modules/nat-sampler": {
      "version": "1.0.1",
      "resolved": "http://npm.rmcloud.com:8123/nat-sampler/-/nat-sampler-1.0.1.tgz",
      "integrity": "sha512-yQvyNN7xbqR8crTKk3U8gRgpcV1Az+vfCEijiHu9oHHsnIl8n3x+yXNHl42M6L3czGynAVoOT9TqBfS87gDdcw==",
      "license": "MIT"
    },
    "node_modules/node-domexception": {
      "version": "1.0.0",
      "resolved": "http://npm.rmcloud.com:8123/node-domexception/-/node-domexception-1.0.0.tgz",
      "integrity": "sha512-/jKZoMpw0F8GRwl4/eLROPA3cfcXtLApP0QzLmUT/HuPCZWyB7IY9ZrMeKw2O/nFIqPQB3PVM9aYm0F312AXDQ==",
      "funding": [
        {
          "type": "github",
          "url": "https://github.com/sponsors/jimmywarting"
        },
        {
          "type": "github",
          "url": "https://paypal.me/jimmywarting"
        }
      ],
      "license": "MIT",
      "engines": {
        "node": ">=10.5.0"
      }
    },
    "node_modules/node-fetch": {
      "version": "2.7.0",
      "resolved": "http://npm.rmcloud.com:8123/node-fetch/-/node-fetch-2.7.0.tgz",
      "integrity": "sha512-c4FRfUm/dbcWZ7U+1Wq0AwCyFL+3nt2bEw05wfxSz+DWpWsitgmSgYmy2dQdWyKC1694ELPqMs/YzUSNozLt8A==",
      "license": "MIT",
      "dependencies": {
        "whatwg-url": "^5.0.0"
      },
      "engines": {
        "node": "4.x || >=6.0.0"
      },
      "peerDependencies": {
        "encoding": "^0.1.0"
      },
      "peerDependenciesMeta": {
        "encoding": {
          "optional": true
        }
      }
    },
    "node_modules/node-gyp-build": {
      "version": "4.8.3",
      "resolved": "http://npm.rmcloud.com:8123/node-gyp-build/-/node-gyp-build-4.8.3.tgz",
      "integrity": "sha512-EMS95CMJzdoSKoIiXo8pxKoL8DYxwIZXYlLmgPb8KUv794abpnLK6ynsCAWNliOjREKruYKdzbh76HHYUHX7nw==",
      "license": "MIT",
      "bin": {
        "node-gyp-build": "bin.js",
        "node-gyp-build-optional": "optional.js",
        "node-gyp-build-test": "build-test.js"
      }
    },
    "node_modules/noise-curve-ed": {
      "version": "2.0.1",
      "resolved": "http://npm.rmcloud.com:8123/noise-curve-ed/-/noise-curve-ed-2.0.1.tgz",
      "integrity": "sha512-8HMZ40Wmarg8RQjVemLrjB49JSL6eGeOD+tlzaQW5/p+hNPfHFEMC3UZZ57zUqUprMuz6GN+gsPExpz2DWL+iA==",
      "license": "ISC",
      "dependencies": {
        "b4a": "^1.1.0",
        "nanoassert": "^2.0.0",
        "sodium-universal": "^4.0.0"
      }
    },
    "node_modules/noise-handshake": {
      "version": "3.1.0",
      "resolved": "http://npm.rmcloud.com:8123/noise-handshake/-/noise-handshake-3.1.0.tgz",
      "integrity": "sha512-0S1qkUvMbTvZCfgr/vSkVT84YyvI4Q0OLwSc5BFxVmjaePrxAwVeXeJDY3A7N/7+qj95gZ15LaNoP9ZnBXH5Lw==",
      "license": "ISC",
      "dependencies": {
        "b4a": "^1.1.0",
        "nanoassert": "^2.0.0",
        "sodium-universal": "^4.0.0"
      }
    },
    "node_modules/openai": {
      "version": "4.72.0",
      "resolved": "http://npm.rmcloud.com:8123/openai/-/openai-4.72.0.tgz",
      "integrity": "sha512-hFqG9BWCs7L7ifrhJXw7mJXmUBr7d9N6If3J9563o0jfwVA4wFANFDDaOIWFdgDdwgCXg5emf0Q+LoLCGszQYA==",
      "license": "Apache-2.0",
      "dependencies": {
        "@types/node": "^18.11.18",
        "@types/node-fetch": "^2.6.4",
        "abort-controller": "^3.0.0",
        "agentkeepalive": "^4.2.1",
        "form-data-encoder": "1.7.2",
        "formdata-node": "^4.3.2",
        "node-fetch": "^2.6.7"
      },
      "bin": {
        "openai": "bin/cli"
      },
      "peerDependencies": {
        "zod": "^3.23.8"
      },
      "peerDependenciesMeta": {
        "zod": {
          "optional": true
        }
      }
    },
    "node_modules/protocol-buffers-encodings": {
      "version": "1.2.0",
      "resolved": "http://npm.rmcloud.com:8123/protocol-buffers-encodings/-/protocol-buffers-encodings-1.2.0.tgz",
      "integrity": "sha512-daeNPuKh1NlLD1uDfbLpD+xyUTc07nEtfHwmBZmt/vH0B7VOM+JOCOpDcx9ZRpqHjAiIkGqyTDi+wfGSl17R9w==",
      "license": "MIT",
      "dependencies": {
        "b4a": "^1.6.0",
        "signed-varint": "^2.0.1",
        "varint": "5.0.0"
      }
    },
    "node_modules/protomux": {
      "version": "3.10.0",
      "resolved": "http://npm.rmcloud.com:8123/protomux/-/protomux-3.10.0.tgz",
      "integrity": "sha512-YjNhvdYWI5HGbbUUKRR8DT3mg+RaZQT6V5T83ktd4veAdHg0CLvevcs33wo8rjdEwCnRaSNXkzlw48tbSaPVag==",
      "license": "MIT",
      "dependencies": {
        "b4a": "^1.3.1",
        "compact-encoding": "^2.5.1",
        "queue-tick": "^1.0.0",
        "safety-catch": "^1.0.1",
        "unslab": "^1.3.0"
      }
    },
    "node_modules/queue-tick": {
      "version": "1.0.1",
      "resolved": "http://npm.rmcloud.com:8123/queue-tick/-/queue-tick-1.0.1.tgz",
      "integrity": "sha512-kJt5qhMxoszgU/62PLP1CJytzd2NKetjSRnyuj31fDd3Rlcz3fzlFdFLD1SItunPwyqEOkca6GbV612BWfaBag==",
      "license": "MIT"
    },
    "node_modules/quickbit-native": {
      "version": "2.3.3",
      "resolved": "http://npm.rmcloud.com:8123/quickbit-native/-/quickbit-native-2.3.3.tgz",
      "integrity": "sha512-naZ1U2qe883tKZCmIlfvgJXouQW1Av1lQGjhVGZEapxKKqbwbgMMkajHoHABLPF0mUml4ArmkVEGXw8RVJUhDg==",
      "license": "Apache-2.0",
      "optional": true,
      "dependencies": {
        "b4a": "^1.6.0",
        "node-gyp-build": "^4.8.2"
      }
    },
    "node_modules/quickbit-universal": {
      "version": "2.2.0",
      "resolved": "http://npm.rmcloud.com:8123/quickbit-universal/-/quickbit-universal-2.2.0.tgz",
      "integrity": "sha512-w02i1R8n7+6pEKTud8DfF8zbFY9o7RtPlUc3jWbtCkDKvhbx/AvV7oNnz4/TcmsPGpSJS+fq5Ud6RH6+YPvSGg==",
      "license": "ISC",
      "dependencies": {
        "b4a": "^1.6.0",
        "simdle-universal": "^1.1.0"
      },
      "optionalDependencies": {
        "quickbit-native": "^2.2.0"
      }
    },
    "node_modules/rache": {
      "version": "1.0.0",
      "resolved": "http://npm.rmcloud.com:8123/rache/-/rache-1.0.0.tgz",
      "integrity": "sha512-e0k0g0w/8jOCB+7YqCIlOa+OJ38k0wrYS4x18pMSmqOvLKoyhmMhmQyCcvfY6VaP8D75cqkEnlakXs+RYYLqNg==",
      "license": "Apache-2.0"
    },
    "node_modules/random-access-file": {
      "version": "4.1.1",
      "resolved": "http://npm.rmcloud.com:8123/random-access-file/-/random-access-file-4.1.1.tgz",
      "integrity": "sha512-HV3zvP4WizFK5jzuuld5kDRT8eW/brujnno00Kg26poMByp9H7hlE1UvpfP7RPjlOel+RVUxoYk/QBBNyFQYjw==",
      "license": "MIT",
      "dependencies": {
        "random-access-storage": "^3.0.0"
      },
      "optionalDependencies": {
        "bare-fs": "^3.0.2",
        "bare-path": "^3.0.0",
        "fs-native-extensions": "^1.3.1"
      }
    },
    "node_modules/random-access-memory": {
      "version": "6.2.1",
      "resolved": "http://npm.rmcloud.com:8123/random-access-memory/-/random-access-memory-6.2.1.tgz",
      "integrity": "sha512-hUeu1PbGLmWeyze9LwwSNaqloivNYjFsARIYxRdgUgn0wrdvMG+RszrfTG8814zfcXOgy4pFO2TpX/Cl3hRO4w==",
      "license": "MIT",
      "dependencies": {
        "b4a": "^1.6.0",
        "is-options": "^1.0.2",
        "random-access-storage": "^3.0.0"
      }
    },
    "node_modules/random-access-storage": {
      "version": "3.0.2",
      "resolved": "http://npm.rmcloud.com:8123/random-access-storage/-/random-access-storage-3.0.2.tgz",
      "integrity": "sha512-Es9maUyWdJXWKckKy9s1+vT+DEgAt+PBb9lxPaake/0EDUsHehloKGv9v1zimS2V3gpFAcQXubvc1Rgci2sDPQ==",
      "license": "MIT",
      "dependencies": {
        "bare-events": "^2.2.0",
        "queue-tick": "^1.0.0"
      }
    },
    "node_modules/random-array-iterator": {
      "version": "1.0.0",
      "resolved": "http://npm.rmcloud.com:8123/random-array-iterator/-/random-array-iterator-1.0.0.tgz",
      "integrity": "sha512-u7xCM93XqKEvPTP6xZp2ehttcAemKnh73oKNf1FvzuVCfpt6dILDt1Kxl1LeBjm2iNIeR49VGFhy4Iz3yOun+Q==",
      "license": "MIT"
    },
    "node_modules/read-write-mutexify": {
      "version": "2.1.0",
      "resolved": "http://npm.rmcloud.com:8123/read-write-mutexify/-/read-write-mutexify-2.1.0.tgz",
      "integrity": "sha512-fDw/p5/acI1ytVY1UbxEDma/ej1yJH/n9NcjS9YNzcE6sPBPWdlru3ydRa/UBowUg4zqOvNMD5SOGYJrlQ6MzQ==",
      "license": "MIT"
    },
    "node_modules/ready-resource": {
      "version": "1.1.1",
      "resolved": "http://npm.rmcloud.com:8123/ready-resource/-/ready-resource-1.1.1.tgz",
      "integrity": "sha512-EQbJs+wXphM1opGCpYSp3toAID8okqGDLmhjGLCiptMfMHGcTxdP3lsmSsYwU+lbrUXrbuhhgcDPge656X48VQ==",
      "license": "MIT",
      "dependencies": {
        "bare-events": "^2.2.0"
      }
    },
    "node_modules/record-cache": {
      "version": "1.2.0",
      "resolved": "http://npm.rmcloud.com:8123/record-cache/-/record-cache-1.2.0.tgz",
      "integrity": "sha512-kyy3HWCez2WrotaL3O4fTn0rsIdfRKOdQQcEJ9KpvmKmbffKVvwsloX063EgRUlpJIXHiDQFhJcTbZequ2uTZw==",
      "license": "MIT",
      "dependencies": {
        "b4a": "^1.3.1"
      }
    },
    "node_modules/safety-catch": {
      "version": "1.0.2",
      "resolved": "http://npm.rmcloud.com:8123/safety-catch/-/safety-catch-1.0.2.tgz",
      "integrity": "sha512-C1UYVZ4dtbBxEtvOcpjBaaD27nP8MlvyAQEp2fOTOEe6pfUpk1cDUxij6BR1jZup6rSyUTaBBplK7LanskrULA==",
      "license": "MIT"
    },
    "node_modules/shuffled-priority-queue": {
      "version": "2.1.0",
      "resolved": "http://npm.rmcloud.com:8123/shuffled-priority-queue/-/shuffled-priority-queue-2.1.0.tgz",
      "integrity": "sha512-xhdh7fHyMsr0m/w2kDfRJuBFRS96b9l8ZPNWGaQ+PMvnUnZ/Eh+gJJ9NsHBd7P9k0399WYlCLzsy18EaMfyadA==",
      "license": "MIT",
      "dependencies": {
        "unordered-set": "^2.0.1"
      }
    },
    "node_modules/signal-promise": {
      "version": "1.0.3",
      "resolved": "http://npm.rmcloud.com:8123/signal-promise/-/signal-promise-1.0.3.tgz",
      "integrity": "sha512-WBgv0UnIq2C+Aeh0/n+IRpP6967eIx9WpynTUoiW3isPpfe1zu2LJzyfXdo9Tgef8yR/sGjcMvoUXD7EYdiz+g==",
      "license": "MIT"
    },
    "node_modules/signed-varint": {
      "version": "2.0.1",
      "resolved": "http://npm.rmcloud.com:8123/signed-varint/-/signed-varint-2.0.1.tgz",
      "integrity": "sha1-UKmYnafJjCxh2tEZvJdHDvhSgSk=",
      "license": "MIT",
      "dependencies": {
        "varint": "~5.0.0"
      }
    },
    "node_modules/simdle-native": {
      "version": "1.3.3",
      "resolved": "http://npm.rmcloud.com:8123/simdle-native/-/simdle-native-1.3.3.tgz",
      "integrity": "sha512-ZuZ4T71SmunYAZQ3/hg7dy8yUrzjR2VPc50zSKX34JS9RD41QL1wTniJdjp7pq77iNDbekSOCgyYEteDjdyBGw==",
      "license": "Apache-2.0",
      "optional": true,
      "dependencies": {
        "b4a": "^1.6.0",
        "node-gyp-build": "^4.8.2"
      }
    },
    "node_modules/simdle-universal": {
      "version": "1.1.2",
      "resolved": "http://npm.rmcloud.com:8123/simdle-universal/-/simdle-universal-1.1.2.tgz",
      "integrity": "sha512-3n3w1bs+uwgHKQjt6arez83EywNlhZzYvNOhvAASTl/8KqNIcqr6aHyGt3JRlfuUC7iB0tomJRPlJ2cRGIpBzA==",
      "license": "ISC",
      "dependencies": {
        "b4a": "^1.6.0"
      },
      "optionalDependencies": {
        "simdle-native": "^1.1.1"
      }
    },
    "node_modules/sodium-native": {
      "version": "4.3.0",
      "resolved": "http://npm.rmcloud.com:8123/sodium-native/-/sodium-native-4.3.0.tgz",
      "integrity": "sha512-OcMgoS0NJx+4yVUlhvL9uZsVZfmyHZ2RpSXkiIoOHMglqvJDeGwn1rUigPrvcNTq3m9hPXtt6syxQbF3vvwmRQ==",
      "license": "MIT",
      "dependencies": {
        "node-gyp-build": "^4.8.0"
      }
    },
    "node_modules/sodium-secretstream": {
      "version": "1.1.1",
      "resolved": "http://npm.rmcloud.com:8123/sodium-secretstream/-/sodium-secretstream-1.1.1.tgz",
      "integrity": "sha512-9lRQtNdQYmANo+sgNjEQafKrd/N4ojqv17E8wOzx3yOCaOJ5Gb4MuXoYq2Nv4Xo9Kt2fOROYcmV24bamu86c8A==",
      "license": "MIT",
      "dependencies": {
        "b4a": "^1.1.1",
        "sodium-universal": "^4.0.0"
      }
    },
    "node_modules/sodium-universal": {
      "version": "4.0.1",
      "resolved": "http://npm.rmcloud.com:8123/sodium-universal/-/sodium-universal-4.0.1.tgz",
      "integrity": "sha512-sNp13PrxYLaUFHTGoDKkSDFvoEu51bfzE12RwGlqU1fcrkpAOK0NvizaJzOWV0Omtk9me2+Pnbjcf/l0efxuGQ==",
      "license": "MIT",
      "dependencies": {
        "sodium-native": "^4.0.0"
      },
      "peerDependencies": {
        "sodium-javascript": "~0.8.0"
      },
      "peerDependenciesMeta": {
        "sodium-javascript": {
          "optional": true
        }
      }
    },
    "node_modules/streamx": {
      "version": "2.20.1",
      "resolved": "http://npm.rmcloud.com:8123/streamx/-/streamx-2.20.1.tgz",
      "integrity": "sha512-uTa0mU6WUC65iUvzKH4X9hEdvSW7rbPxPtwfWiLMSj3qTdQbAiUboZTxauKfpFuGIGa1C2BYijZ7wgdUXICJhA==",
      "license": "MIT",
      "dependencies": {
        "fast-fifo": "^1.3.2",
        "queue-tick": "^1.0.1",
        "text-decoder": "^1.1.0"
      },
      "optionalDependencies": {
        "bare-events": "^2.2.0"
      }
    },
    "node_modules/sub-encoder": {
      "version": "2.1.3",
      "resolved": "http://npm.rmcloud.com:8123/sub-encoder/-/sub-encoder-2.1.3.tgz",
      "integrity": "sha512-Xxx04ygZo/1J3yHvaSA6VhDmiSaBQkw/PmO3YnnYFXle+tfOGToC6FcDpIfMztWZXJzuKG14b/57HMkiL58C6A==",
      "license": "Apache-2.0",
      "dependencies": {
        "b4a": "^1.6.0",
        "codecs": "^3.1.0"
      }
    },
    "node_modules/text-decoder": {
      "version": "1.2.1",
      "resolved": "http://npm.rmcloud.com:8123/text-decoder/-/text-decoder-1.2.1.tgz",
      "integrity": "sha512-x9v3H/lTKIJKQQe7RPQkLfKAnc9lUTkWDypIQgTzPJAq+5/GCDHonmshfvlsNSj58yyshbIJJDLmU15qNERrXQ==",
      "license": "Apache-2.0"
    },
    "node_modules/time-ordered-set": {
      "version": "2.0.1",
      "resolved": "http://npm.rmcloud.com:8123/time-ordered-set/-/time-ordered-set-2.0.1.tgz",
      "integrity": "sha512-VJEKmgSN2UiOLB8BpN8Sh2b9LGMHTP5OPrQRpnKjvOheOyzk0mufbjzjKTIG2gO4A+Y+vDJ+0TcLbpUmMLsg8A==",
      "license": "MIT"
    },
    "node_modules/timeout-refresh": {
      "version": "2.0.1",
      "resolved": "http://npm.rmcloud.com:8123/timeout-refresh/-/timeout-refresh-2.0.1.tgz",
      "integrity": "sha512-SVqEcMZBsZF9mA78rjzCrYrUs37LMJk3ShZ851ygZYW1cMeIjs9mL57KO6Iv5mmjSQnOe/29/VAfGXo+oRCiVw==",
      "license": "MIT"
    },
    "node_modules/tiny-buffer-map": {
      "version": "1.1.1",
      "resolved": "http://npm.rmcloud.com:8123/tiny-buffer-map/-/tiny-buffer-map-1.1.1.tgz",
      "integrity": "sha512-C1eDw6ks9CmkDbWVCPHobuixPTkxGa7IDERlaVk98dv4tOUdz42o3haHBr0uhNxbj0gczBTVIyS2uQsu+1vc2Q==",
      "license": "MIT",
      "dependencies": {
        "b4a": "^1.6.0"
      }
    },
    "node_modules/tr46": {
      "version": "0.0.3",
      "resolved": "http://npm.rmcloud.com:8123/tr46/-/tr46-0.0.3.tgz",
      "integrity": "sha1-gYT9NH2snNwYWZLzpmIuFLnZq2o=",
      "license": "MIT"
    },
    "node_modules/udx-native": {
      "version": "1.14.2",
      "resolved": "http://npm.rmcloud.com:8123/udx-native/-/udx-native-1.14.2.tgz",
      "integrity": "sha512-aPkxfSiSH6QMr7IoGbkf23RY+AHVMTHwA64pCaTLJSQU2qSYsJcNiFPKNP6VFHzXGiE3m+HzLx7/r0orzySobw==",
      "license": "Apache-2.0",
      "dependencies": {
        "b4a": "^1.5.0",
        "bare-events": "^2.2.0",
        "node-gyp-build": "^4.4.0",
        "streamx": "^2.14.0"
      }
    },
    "node_modules/undici-types": {
      "version": "5.26.5",
      "resolved": "http://npm.rmcloud.com:8123/undici-types/-/undici-types-5.26.5.tgz",
      "integrity": "sha512-JlCMO+ehdEIKqlFxk6IfVoAUVmgz7cU7zD/h9XZ0qzeosSHmUJVOzSQvvYSYWXkFXC+IfLKSIffhv0sVZup6pA==",
      "license": "MIT"
    },
    "node_modules/unordered-set": {
      "version": "2.0.1",
      "resolved": "http://npm.rmcloud.com:8123/unordered-set/-/unordered-set-2.0.1.tgz",
      "integrity": "sha512-eUmNTPzdx+q/WvOHW0bgGYLWvWHNT3PTKEQLg0MAQhc0AHASHVHoP/9YytYd4RBVariqno/mEUhVZN98CmD7bg==",
      "license": "MIT"
    },
    "node_modules/unslab": {
      "version": "1.3.0",
      "resolved": "http://npm.rmcloud.com:8123/unslab/-/unslab-1.3.0.tgz",
      "integrity": "sha512-YATkfKAFj47kTzmiQrWXMyRvaVrHsW6MEALa4bm+FhiA2YG4oira+Z3DXN6LrYOYn2Y8eO94Lwl9DOHjs1FpoQ==",
      "license": "Apache-2.0",
      "dependencies": {
        "b4a": "^1.6.6"
      }
    },
    "node_modules/varint": {
      "version": "5.0.0",
      "resolved": "http://npm.rmcloud.com:8123/varint/-/varint-5.0.0.tgz",
      "integrity": "sha1-2Ca4n3SQcy+rwMDtaT7Uddyynr8=",
      "license": "MIT"
    },
    "node_modules/web-streams-polyfill": {
      "version": "4.0.0-beta.3",
      "resolved": "http://npm.rmcloud.com:8123/web-streams-polyfill/-/web-streams-polyfill-4.0.0-beta.3.tgz",
      "integrity": "sha512-QW95TCTaHmsYfHDybGMwO5IJIM93I/6vTRk+daHTWFPhwh+C8Cg7j7XyKrwrj8Ib6vYXe0ocYNrmzY4xAAN6ug==",
      "license": "MIT",
      "engines": {
        "node": ">= 14"
      }
    },
    "node_modules/webidl-conversions": {
      "version": "3.0.1",
      "resolved": "http://npm.rmcloud.com:8123/webidl-conversions/-/webidl-conversions-3.0.1.tgz",
      "integrity": "sha1-JFNCdeKnvGvnvIZhHMFq4KVlSHE=",
      "license": "BSD-2-Clause"
    },
    "node_modules/whatwg-url": {
      "version": "5.0.0",
      "resolved": "http://npm.rmcloud.com:8123/whatwg-url/-/whatwg-url-5.0.0.tgz",
      "integrity": "sha1-lmRU6HZUYuN2RNNib2dCzotwll0=",
      "license": "MIT",
      "dependencies": {
        "tr46": "~0.0.3",
        "webidl-conversions": "^3.0.0"
      }
    },
    "node_modules/which-runtime": {
      "version": "1.2.1",
      "resolved": "http://npm.rmcloud.com:8123/which-runtime/-/which-runtime-1.2.1.tgz",
      "integrity": "sha512-8feIHccQFH/whiA1fD1b4c5+Q7T4ry1g1oHYc2mHnFh81tTQFsCvy3zhS2geUapkFAVBddUT/AM1a3rbqJweFg==",
      "license": "Apache-2.0",
      "optional": true
    },
    "node_modules/xache": {
      "version": "1.2.1",
      "resolved": "http://npm.rmcloud.com:8123/xache/-/xache-1.2.1.tgz",
      "integrity": "sha512-igRS6jPreJ54ABdzhh4mCDXcz+XMaWO2q1ABRV2yWYuk29jlp8VT7UBdCqNkX7rpYBbXsebVVKkwIuYZjyZNqA==",
      "license": "MIT"
    },
    "node_modules/z32": {
      "version": "1.1.0",
      "resolved": "http://npm.rmcloud.com:8123/z32/-/z32-1.1.0.tgz",
      "integrity": "sha512-1WUHy+VS6d0HPNspDxvLssBbeQjXMjSnpv0vH82vRAUfg847NmX3OXozp/hRP5jPhxBbrVzrgvAt+UsGNzRFQQ==",
      "license": "MIT",
      "dependencies": {
        "b4a": "^1.5.3"
      }
    }
  }
}
